github.com/elastic/go-elasticsearch/v8 v8.0.0-20200512091816-9af23a00dbc5 h1:tGBLGtIFxuecTEjXk0bSsgHFhcEZPgfEjQM74666ofQ=
github.com/elastic/go-elasticsearch/v8 v8.0.0-20200512091816-9af23a00dbc5/go.mod h1:xe9a/L2aeOgFKKgrO3ibQTnMdpAeL0GC+5/HpGScSa4=
github.com/gobwas/glob v0.2.3/go.mod h1:d3Ez4x06l9bZtSvzIay5+Yzi0fmZzPgnTbPcKjJAkT8=
